
Microsoft Visual Studio Solution File, Format Version 12.00
Project("{FAE04EC0-301F-11D3-BF4B-00C04F79EFBC}") = "SevenSeas.Utilities.Application", "SevenSeas.Utilities.Application\SevenSeas.Utilities.Application.csproj", "{8413F2E5-FEE8-4599-9EDD-EB625F0E0441}"
EndProject
Project("{2150E333-8FDC-42A3-9474-1A3956D46DE8}") = "01-Solution-Files", "01-Solution-Files", "{3238EB03-1CA3-4E7B-A6C4-F7AA2C0F4B04}"
	ProjectSection(SolutionItems) = preProject
		README.md = README.md
		.gitignore = .gitignore
		LICENSE = LICENSE
	EndProjectSection
EndProject
Project("{FAE04EC0-301F-11D3-BF4B-00C04F79EFBC}") = "SevenSeas.Utilities.ValueTypes", "SevenSeas.Utilities.ValueTypes\SevenSeas.Utilities.ValueTypes.csproj", "{2DC396BB-1D67-4208-B760-4ECA74248670}"
EndProject
Project("{2150E333-8FDC-42A3-9474-1A3956D46DE8}") = "02-Core", "02-Core", "{C4D30D69-6298-4C90-BD43-B72F9EE80D5D}"
EndProject
Project("{2150E333-8FDC-42A3-9474-1A3956D46DE8}") = "03-Test", "03-Test", "{D4780732-3857-4C62-94B8-A757B54F937D}"
EndProject
Project("{FAE04EC0-301F-11D3-BF4B-00C04F79EFBC}") = "SevenSeas.Utilities.Application.Test", "SevenSeas.Utilities.Application.Test\SevenSeas.Utilities.Application.Test.csproj", "{CBF2A611-0752-4573-9788-27D268109FA7}"
EndProject
Project("{FAE04EC0-301F-11D3-BF4B-00C04F79EFBC}") = "SevenSeas.Utilities.ValueTypes.Test", "SevenSeas.Utilities.ValueTypes.Test\SevenSeas.Utilities.ValueTypes.Test.csproj", "{C3F0C7E4-0C51-49B6-935F-0046BCA53E4E}"
EndProject
Project("{FAE04EC0-301F-11D3-BF4B-00C04F79EFBC}") = "SevenSeas.Utilities.Extensions", "SevenSeas.Utilities.Extensions\SevenSeas.Utilities.Extensions.csproj", "{54F1EBE5-3ABB-4EA1-915B-5184021EAF8E}"
EndProject
Project("{FAE04EC0-301F-11D3-BF4B-00C04F79EFBC}") = "SevenSeas.Utilities.Validation", "SevenSeas.Utilities.Validation\SevenSeas.Utilities.Validation.csproj", "{1D978B9F-DC77-421C-A8A2-5F0D18B09B24}"
EndProject
Global
	GlobalSection(SolutionConfigurationPlatforms) = preSolution
		Debug|Any CPU = Debug|Any CPU
		Release|Any CPU = Release|Any CPU
	EndGlobalSection
	GlobalSection(ProjectConfigurationPlatforms) = postSolution
		{8413F2E5-FEE8-4599-9EDD-EB625F0E0441}.Debug|Any CPU.ActiveCfg = Debug|Any CPU
		{8413F2E5-FEE8-4599-9EDD-EB625F0E0441}.Debug|Any CPU.Build.0 = Debug|Any CPU
		{8413F2E5-FEE8-4599-9EDD-EB625F0E0441}.Release|Any CPU.ActiveCfg = Release|Any CPU
		{8413F2E5-FEE8-4599-9EDD-EB625F0E0441}.Release|Any CPU.Build.0 = Release|Any CPU
		{2DC396BB-1D67-4208-B760-4ECA74248670}.Debug|Any CPU.ActiveCfg = Debug|Any CPU
		{2DC396BB-1D67-4208-B760-4ECA74248670}.Debug|Any CPU.Build.0 = Debug|Any CPU
		{2DC396BB-1D67-4208-B760-4ECA74248670}.Release|Any CPU.ActiveCfg = Release|Any CPU
		{2DC396BB-1D67-4208-B760-4ECA74248670}.Release|Any CPU.Build.0 = Release|Any CPU
		{CBF2A611-0752-4573-9788-27D268109FA7}.Debug|Any CPU.ActiveCfg = Debug|Any CPU
		{CBF2A611-0752-4573-9788-27D268109FA7}.Debug|Any CPU.Build.0 = Debug|Any CPU
		{CBF2A611-0752-4573-9788-27D268109FA7}.Release|Any CPU.ActiveCfg = Release|Any CPU
		{CBF2A611-0752-4573-9788-27D268109FA7}.Release|Any CPU.Build.0 = Release|Any CPU
		{C3F0C7E4-0C51-49B6-935F-0046BCA53E4E}.Debug|Any CPU.ActiveCfg = Debug|Any CPU
		{C3F0C7E4-0C51-49B6-935F-0046BCA53E4E}.Debug|Any CPU.Build.0 = Debug|Any CPU
		{C3F0C7E4-0C51-49B6-935F-0046BCA53E4E}.Release|Any CPU.ActiveCfg = Release|Any CPU
		{C3F0C7E4-0C51-49B6-935F-0046BCA53E4E}.Release|Any CPU.Build.0 = Release|Any CPU
		{54F1EBE5-3ABB-4EA1-915B-5184021EAF8E}.Debug|Any CPU.ActiveCfg = Debug|Any CPU
		{54F1EBE5-3ABB-4EA1-915B-5184021EAF8E}.Debug|Any CPU.Build.0 = Debug|Any CPU
		{54F1EBE5-3ABB-4EA1-915B-5184021EAF8E}.Release|Any CPU.ActiveCfg = Release|Any CPU
		{54F1EBE5-3ABB-4EA1-915B-5184021EAF8E}.Release|Any CPU.Build.0 = Release|Any CPU
		{1D978B9F-DC77-421C-A8A2-5F0D18B09B24}.Debug|Any CPU.ActiveCfg = Debug|Any CPU
		{1D978B9F-DC77-421C-A8A2-5F0D18B09B24}.Debug|Any CPU.Build.0 = Debug|Any CPU
		{1D978B9F-DC77-421C-A8A2-5F0D18B09B24}.Release|Any CPU.ActiveCfg = Release|Any CPU
		{1D978B9F-DC77-421C-A8A2-5F0D18B09B24}.Release|Any CPU.Build.0 = Release|Any CPU
	EndGlobalSection
	GlobalSection(NestedProjects) = preSolution
		{8413F2E5-FEE8-4599-9EDD-EB625F0E0441} = {C4D30D69-6298-4C90-BD43-B72F9EE80D5D}
		{2DC396BB-1D67-4208-B760-4ECA74248670} = {C4D30D69-6298-4C90-BD43-B72F9EE80D5D}
		{CBF2A611-0752-4573-9788-27D268109FA7} = {D4780732-3857-4C62-94B8-A757B54F937D}
		{C3F0C7E4-0C51-49B6-935F-0046BCA53E4E} = {D4780732-3857-4C62-94B8-A757B54F937D}
		{54F1EBE5-3ABB-4EA1-915B-5184021EAF8E} = {C4D30D69-6298-4C90-BD43-B72F9EE80D5D}
		{1D978B9F-DC77-421C-A8A2-5F0D18B09B24} = {C4D30D69-6298-4C90-BD43-B72F9EE80D5D}
	EndGlobalSection
EndGlobal
